
Microsoft Visual Studio Solution File, Format Version 12.00
# Visual Studio Version 17
VisualStudioVersion = 17.14.36414.22 d17.14
MinimumVisualStudioVersion = 10.0.40219.1
Project("{FAE04EC0-301F-11D3-BF4B-00C04F79EFBC}") = "Maruti R.O Sales", "Maruti R.O Sales.csproj", "{29E27AD8-44CE-4CC4-9FE0-DDD02109CCA4}"
EndProject
Global
	GlobalSection(SolutionConfigurationPlatforms) = preSolution
		Debug|Any CPU = Debug|Any CPU
		Release|Any CPU = Release|Any CPU
	EndGlobalSection
	GlobalSection(ProjectConfigurationPlatforms) = postSolution
		{29E27AD8-44CE-4CC4-9FE0-DDD02109CCA4}.Debug|Any CPU.ActiveCfg = Debug|Any CPU
		{29E27AD8-44CE-4CC4-9FE0-DDD02109CCA4}.Debug|Any CPU.Build.0 = Debug|Any CPU
		{29E27AD8-44CE-4CC4-9FE0-DDD02109CCA4}.Release|Any CPU.ActiveCfg = Release|Any CPU
		{29E27AD8-44CE-4CC4-9FE0-DDD02109CCA4}.Release|Any CPU.Build.0 = Release|Any CPU
	EndGlobalSection
	GlobalSection(SolutionProperties) = preSolution
		HideSolutionNode = FALSE
	EndGlobalSection
	GlobalSection(ExtensibilityGlobals) = postSolution
		SolutionGuid = {83091A65-D54E-4BAB-B96B-1BE50569F587}
	EndGlobalSection
EndGlobal
